Microsoft Visual Studio Solution File, Format Version 8.00
Project("{FAE04EC0-301F-11D3-BF4B-00C04F79EFBC}") = "SyntheticViewer", "SyntheticViewer\SyntheticViewer.csproj", "{9BD174B7-B952-472C-9977-EABCB3B03E1F}"
	ProjectSection(ProjectDependencies) = postProject
	EndProjectSection
EndProject
Global
	GlobalSection(SolutionConfiguration) = preSolution
		Debug = Debug
		Release = Release
	EndGlobalSection
	GlobalSection(ProjectConfiguration) = postSolution
		{9BD174B7-B952-472C-9977-EABCB3B03E1F}.Debug.ActiveCfg = Debug|.NET
		{9BD174B7-B952-472C-9977-EABCB3B03E1F}.Debug.Build.0 = Debug|.NET
		{9BD174B7-B952-472C-9977-EABCB3B03E1F}.Release.ActiveCfg = Release|.NET
		{9BD174B7-B952-472C-9977-EABCB3B03E1F}.Release.Build.0 = Release|.NET
	EndGlobalSection
	GlobalSection(ExtensibilityGlobals) = postSolution
	EndGlobalSection
	GlobalSection(ExtensibilityAddIns) = postSolution
	EndGlobalSection
EndGlobal
